
Microsoft Visual Studio Solution File, Format Version 12.00
# Visual Studio Version 17
VisualStudioVersion = 17.9.34728.123
MinimumVisualStudioVersion = 10.0.40219.1
Project("{FAE04EC0-301F-11D3-BF4B-00C04F79EFBC}") = "ProjetPkmn", "ProjetPkmn\ProjetPkmn.csproj", "{F95A1FC8-540B-48A3-B463-C3E7C8CAE493}"
EndProject
Global
	GlobalSection(SolutionConfigurationPlatforms) = preSolution
		Debug|Any CPU = Debug|Any CPU
		Release|Any CPU = Release|Any CPU
	EndGlobalSection
	GlobalSection(ProjectConfigurationPlatforms) = postSolution
		{F95A1FC8-540B-48A3-B463-C3E7C8CAE493}.Debug|Any CPU.ActiveCfg = Debug|Any CPU
		{F95A1FC8-540B-48A3-B463-C3E7C8CAE493}.Debug|Any CPU.Build.0 = Debug|Any CPU
		{F95A1FC8-540B-48A3-B463-C3E7C8CAE493}.Release|Any CPU.ActiveCfg = Release|Any CPU
		{F95A1FC8-540B-48A3-B463-C3E7C8CAE493}.Release|Any CPU.Build.0 = Release|Any CPU
	EndGlobalSection
	GlobalSection(SolutionProperties) = preSolution
		HideSolutionNode = FALSE
	EndGlobalSection
	GlobalSection(ExtensibilityGlobals) = postSolution
		SolutionGuid = {5110F041-BEC3-43CB-846D-BAF5ED0F85AB}
	EndGlobalSection
EndGlobal
